
Microsoft Visual Studio Solution File, Format Version 12.00
# Visual Studio Version 16
VisualStudioVersion = 16.0.31105.61
MinimumVisualStudioVersion = 10.0.40219.1
Project("{FAE04EC0-301F-11D3-BF4B-00C04F79EFBC}") = "AnotherVersionOfSimbirSoftTZ", "AnotherVersionOfSimbirSoftTZ\AnotherVersionOfSimbirSoftTZ.csproj", "{45B0037A-C73C-48A3-8945-3776FE2E8871}"
EndProject
Global
	GlobalSection(SolutionConfigurationPlatforms) = preSolution
		Debug|Any CPU = Debug|Any CPU
		Release|Any CPU = Release|Any CPU
	EndGlobalSection
	GlobalSection(ProjectConfigurationPlatforms) = postSolution
		{45B0037A-C73C-48A3-8945-3776FE2E8871}.Debug|Any CPU.ActiveCfg = Debug|Any CPU
		{45B0037A-C73C-48A3-8945-3776FE2E8871}.Debug|Any CPU.Build.0 = Debug|Any CPU
		{45B0037A-C73C-48A3-8945-3776FE2E8871}.Release|Any CPU.ActiveCfg = Release|Any CPU
		{45B0037A-C73C-48A3-8945-3776FE2E8871}.Release|Any CPU.Build.0 = Release|Any CPU
	EndGlobalSection
	GlobalSection(SolutionProperties) = preSolution
		HideSolutionNode = FALSE
	EndGlobalSection
	GlobalSection(ExtensibilityGlobals) = postSolution
		SolutionGuid = {AB6AD20C-1ED2-47A2-91EB-D4CF073BB293}
	EndGlobalSection
EndGlobal
